
Microsoft Visual Studio Solution File, Format Version 12.00
# Visual Studio Version 17
VisualStudioVersion = 17.10.35122.118
MinimumVisualStudioVersion = 10.0.40219.1
Project("{9A19103F-16F7-4668-BE54-9A1E7A4F7556}") = "UI", "UI\UI.csproj", "{642689F0-E7D7-4486-BDE6-4D911B8E1592}"
EndProject
Project("{9A19103F-16F7-4668-BE54-9A1E7A4F7556}") = "Common", "Common\Common.csproj", "{1EC1DA83-85C8-4434-909E-A061820047AE}"
EndProject
Project("{9A19103F-16F7-4668-BE54-9A1E7A4F7556}") = "Console", "Console\Console.csproj", "{71887E4E-4DE2-4174-A59F-BCF735B5C439}"
EndProject
Project("{9A19103F-16F7-4668-BE54-9A1E7A4F7556}") = "DataContext", "DataContext\DataContext.csproj", "{27BC4F7D-1961-4A2A-BCC9-653CCA7F5ADF}"
EndProject
Project("{9A19103F-16F7-4668-BE54-9A1E7A4F7556}") = "SignalR", "SignalR\SignalR.csproj", "{CCCCA91A-4FAD-4C40-80B1-30C1A254E181}"
EndProject
Project("{9A19103F-16F7-4668-BE54-9A1E7A4F7556}") = "WebAPI", "WebAPI\WebAPI.csproj", "{AC501E69-80D1-4D60-93C2-8BDDD465F5F4}"
EndProject
Project("{9A19103F-16F7-4668-BE54-9A1E7A4F7556}") = "SignalR2", "SignalR2\SignalR2.csproj", "{80050787-E0D4-47FF-93F3-A37BF59A0C24}"
EndProject
Global
	GlobalSection(SolutionConfigurationPlatforms) = preSolution
		Debug|Any CPU = Debug|Any CPU
		Release|Any CPU = Release|Any CPU
	EndGlobalSection
	GlobalSection(ProjectConfigurationPlatforms) = postSolution
		{642689F0-E7D7-4486-BDE6-4D911B8E1592}.Debug|Any CPU.ActiveCfg = Debug|Any CPU
		{642689F0-E7D7-4486-BDE6-4D911B8E1592}.Debug|Any CPU.Build.0 = Debug|Any CPU
		{642689F0-E7D7-4486-BDE6-4D911B8E1592}.Release|Any CPU.ActiveCfg = Release|Any CPU
		{642689F0-E7D7-4486-BDE6-4D911B8E1592}.Release|Any CPU.Build.0 = Release|Any CPU
		{1EC1DA83-85C8-4434-909E-A061820047AE}.Debug|Any CPU.ActiveCfg = Debug|Any CPU
		{1EC1DA83-85C8-4434-909E-A061820047AE}.Debug|Any CPU.Build.0 = Debug|Any CPU
		{1EC1DA83-85C8-4434-909E-A061820047AE}.Release|Any CPU.ActiveCfg = Release|Any CPU
		{1EC1DA83-85C8-4434-909E-A061820047AE}.Release|Any CPU.Build.0 = Release|Any CPU
		{71887E4E-4DE2-4174-A59F-BCF735B5C439}.Debug|Any CPU.ActiveCfg = Debug|Any CPU
		{71887E4E-4DE2-4174-A59F-BCF735B5C439}.Debug|Any CPU.Build.0 = Debug|Any CPU
		{71887E4E-4DE2-4174-A59F-BCF735B5C439}.Release|Any CPU.ActiveCfg = Release|Any CPU
		{71887E4E-4DE2-4174-A59F-BCF735B5C439}.Release|Any CPU.Build.0 = Release|Any CPU
		{27BC4F7D-1961-4A2A-BCC9-653CCA7F5ADF}.Debug|Any CPU.ActiveCfg = Debug|Any CPU
		{27BC4F7D-1961-4A2A-BCC9-653CCA7F5ADF}.Debug|Any CPU.Build.0 = Debug|Any CPU
		{27BC4F7D-1961-4A2A-BCC9-653CCA7F5ADF}.Release|Any CPU.ActiveCfg = Release|Any CPU
		{27BC4F7D-1961-4A2A-BCC9-653CCA7F5ADF}.Release|Any CPU.Build.0 = Release|Any CPU
		{CCCCA91A-4FAD-4C40-80B1-30C1A254E181}.Debug|Any CPU.ActiveCfg = Debug|Any CPU
		{CCCCA91A-4FAD-4C40-80B1-30C1A254E181}.Debug|Any CPU.Build.0 = Debug|Any CPU
		{CCCCA91A-4FAD-4C40-80B1-30C1A254E181}.Release|Any CPU.ActiveCfg = Release|Any CPU
		{CCCCA91A-4FAD-4C40-80B1-30C1A254E181}.Release|Any CPU.Build.0 = Release|Any CPU
		{AC501E69-80D1-4D60-93C2-8BDDD465F5F4}.Debug|Any CPU.ActiveCfg = Debug|Any CPU
		{AC501E69-80D1-4D60-93C2-8BDDD465F5F4}.Debug|Any CPU.Build.0 = Debug|Any CPU
		{AC501E69-80D1-4D60-93C2-8BDDD465F5F4}.Release|Any CPU.ActiveCfg = Release|Any CPU
		{AC501E69-80D1-4D60-93C2-8BDDD465F5F4}.Release|Any CPU.Build.0 = Release|Any CPU
		{80050787-E0D4-47FF-93F3-A37BF59A0C24}.Debug|Any CPU.ActiveCfg = Debug|Any CPU
		{80050787-E0D4-47FF-93F3-A37BF59A0C24}.Debug|Any CPU.Build.0 = Debug|Any CPU
		{80050787-E0D4-47FF-93F3-A37BF59A0C24}.Release|Any CPU.ActiveCfg = Release|Any CPU
		{80050787-E0D4-47FF-93F3-A37BF59A0C24}.Release|Any CPU.Build.0 = Release|Any CPU
	EndGlobalSection
	GlobalSection(SolutionProperties) = preSolution
		HideSolutionNode = FALSE
	EndGlobalSection
	GlobalSection(ExtensibilityGlobals) = postSolution
		SolutionGuid = {F02D49ED-85EC-42BE-9F4C-E2BF554F639D}
	EndGlobalSection
EndGlobal
